
Microsoft Visual Studio Solution File, Format Version 12.00
# Visual Studio Version 17
VisualStudioVersion = 17.3.32825.248
MinimumVisualStudioVersion = 10.0.40219.1
Project("{8BC9CEB8-8B4A-11D0-8D11-00A0C91BC942}") = "Вариант 6.1", "Вариант 6.1\Вариант 6.1.vcxproj", "{6DC6CBD9-9C1A-4807-A876-E7C4DAD7BB75}"
EndProject
Project("{8BC9CEB8-8B4A-11D0-8D11-00A0C91BC942}") = "Вариант 6.2", "Вариант 6.2\Вариант 6.2.vcxproj", "{16DEDAA3-3DBF-4747-B112-6406C82FB013}"
EndProject
Project("{8BC9CEB8-8B4A-11D0-8D11-00A0C91BC942}") = "Вариант 6.3", "Вариант 6.3\Вариант 6.3.vcxproj", "{12FE54DB-B164-4063-A535-D28373C914D4}"
EndProject
Global
	GlobalSection(SolutionConfigurationPlatforms) = preSolution
		Debug|x64 = Debug|x64
		Debug|x86 = Debug|x86
		Release|x64 = Release|x64
		Release|x86 = Release|x86
	EndGlobalSection
	GlobalSection(ProjectConfigurationPlatforms) = postSolution
		{6DC6CBD9-9C1A-4807-A876-E7C4DAD7BB75}.Debug|x64.ActiveCfg = Debug|x64
		{6DC6CBD9-9C1A-4807-A876-E7C4DAD7BB75}.Debug|x64.Build.0 = Debug|x64
		{6DC6CBD9-9C1A-4807-A876-E7C4DAD7BB75}.Debug|x86.ActiveCfg = Debug|Win32
		{6DC6CBD9-9C1A-4807-A876-E7C4DAD7BB75}.Debug|x86.Build.0 = Debug|Win32
		{6DC6CBD9-9C1A-4807-A876-E7C4DAD7BB75}.Release|x64.ActiveCfg = Release|x64
		{6DC6CBD9-9C1A-4807-A876-E7C4DAD7BB75}.Release|x64.Build.0 = Release|x64
		{6DC6CBD9-9C1A-4807-A876-E7C4DAD7BB75}.Release|x86.ActiveCfg = Release|Win32
		{6DC6CBD9-9C1A-4807-A876-E7C4DAD7BB75}.Release|x86.Build.0 = Release|Win32
		{16DEDAA3-3DBF-4747-B112-6406C82FB013}.Debug|x64.ActiveCfg = Debug|x64
		{16DEDAA3-3DBF-4747-B112-6406C82FB013}.Debug|x64.Build.0 = Debug|x64
		{16DEDAA3-3DBF-4747-B112-6406C82FB013}.Debug|x86.ActiveCfg = Debug|Win32
		{16DEDAA3-3DBF-4747-B112-6406C82FB013}.Debug|x86.Build.0 = Debug|Win32
		{16DEDAA3-3DBF-4747-B112-6406C82FB013}.Release|x64.ActiveCfg = Release|x64
		{16DEDAA3-3DBF-4747-B112-6406C82FB013}.Release|x64.Build.0 = Release|x64
		{16DEDAA3-3DBF-4747-B112-6406C82FB013}.Release|x86.ActiveCfg = Release|Win32
		{16DEDAA3-3DBF-4747-B112-6406C82FB013}.Release|x86.Build.0 = Release|Win32
		{12FE54DB-B164-4063-A535-D28373C914D4}.Debug|x64.ActiveCfg = Debug|x64
		{12FE54DB-B164-4063-A535-D28373C914D4}.Debug|x64.Build.0 = Debug|x64
		{12FE54DB-B164-4063-A535-D28373C914D4}.Debug|x86.ActiveCfg = Debug|Win32
		{12FE54DB-B164-4063-A535-D28373C914D4}.Debug|x86.Build.0 = Debug|Win32
		{12FE54DB-B164-4063-A535-D28373C914D4}.Release|x64.ActiveCfg = Release|x64
		{12FE54DB-B164-4063-A535-D28373C914D4}.Release|x64.Build.0 = Release|x64
		{12FE54DB-B164-4063-A535-D28373C914D4}.Release|x86.ActiveCfg = Release|Win32
		{12FE54DB-B164-4063-A535-D28373C914D4}.Release|x86.Build.0 = Release|Win32
	EndGlobalSection
	GlobalSection(SolutionProperties) = preSolution
		HideSolutionNode = FALSE
	EndGlobalSection
	GlobalSection(ExtensibilityGlobals) = postSolution
		SolutionGuid = {A3DFC0CE-6B62-4762-921C-2E7FE71A1B66}
	EndGlobalSection
EndGlobal
